{
  "version": 1,
  "dependencies": {
    "net8.0": {
      "Godot.SourceGenerators": {
        "type": "Direct",
        "requested": "[4.4.1, )",
        "resolved": "4.4.1",
        "contentHash": "V/cuX41BxippWGD79zrP2bhqfXkuyiy9OFuCkTu3flo7I6STSJca637TL2phe7rzROIFre0vQR1+PAMdsjO3zg=="
      },
      "GodotSharp": {
        "type": "Direct",
        "requested": "[4.4.1, )",
        "resolved": "4.4.1",
        "contentHash": "ghnQEo5LikQPfbCYcVxje8epffNCiyNG4zvGWUDRZRC1O+653+yqG3wdxk3+5RZsA3jaRuGKRavsGcnhLKe12g=="
      },
      "GodotSharpEditor": {
        "type": "Direct",
        "requested": "[4.4.1, )",
        "resolved": "4.4.1",
        "contentHash": "cc3nA24r/sjW8KxrNqfSQk4CQMQYcg/kYk5935R88IhGBdRuTH4miaBXPlzR/td5GR8i1oGtCMWyW8axpQ0DxA==",
        "dependencies": {
          "GodotSharp": "4.4.1"
        }
      },
      "Meziantou.Analyzer": {
        "type": "Direct",
        "requested": "[2.0.146, )",
        "resolved": "2.0.146",
        "contentHash": "pJ3k+3UjD2WwPsZR7fkgVYviXP3PCQM0hjwN1TuM4C0u1TuGKC9WdZCo0RAPZ+azhRPmYGSUjkjsN2fkQByghQ=="
      },
      "StyleCop.Analyzers": {
        "type": "Direct",
        "requested": "[1.2.0-beta.354, )",
        "resolved": "1.2.0-beta.354",
        "contentHash": "oDSJNxnEvIzAQTkpkc/FnJP4dQ7TV6fHMsI+2ckU5DOaMiwiEfh1fawMsSqz2bCoNwbTt9lS6MgYvyVKujNJoA==",
        "dependencies": {
          "StyleCop.Analyzers.Unstable": "1.2.0.354"
        }
      },
      "StyleCop.Analyzers.Unstable": {
        "type": "Transitive",
        "resolved": "1.2.0.354",
        "contentHash": "/3RlM31XbJ02gaWh7dVumWOyMvGHswb/zygGJXd9oEJMRyyYc/HFJlAC5gBPxvi9cB4CMvIyyUTmZz5VLKwTvg=="
      },
      "industrielite.core": {
        "type": "Project"
      }
    }
  }
}